
Microsoft Visual Studio Solution File, Format Version 12.00
# Visual Studio 15
VisualStudioVersion = 15.0.28307.1145
MinimumVisualStudioVersion = 10.0.40219.1
Project("{9A19103F-16F7-4668-BE54-9A1E7A4F7556}") = "Blog", "Blog\Blog.csproj", "{D5419D2D-FC09-4538-BE59-B600BFC28BFC}"
EndProject
Global
	GlobalSection(SolutionConfigurationPlatforms) = preSolution
		Debug|Any CPU = Debug|Any CPU
		Release|Any CPU = Release|Any CPU
	EndGlobalSection
	GlobalSection(ProjectConfigurationPlatforms) = postSolution
		{D5419D2D-FC09-4538-BE59-B600BFC28BFC}.Debug|Any CPU.ActiveCfg = Debug|Any CPU
		{D5419D2D-FC09-4538-BE59-B600BFC28BFC}.Debug|Any CPU.Build.0 = Debug|Any CPU
		{D5419D2D-FC09-4538-BE59-B600BFC28BFC}.Release|Any CPU.ActiveCfg = Release|Any CPU
		{D5419D2D-FC09-4538-BE59-B600BFC28BFC}.Release|Any CPU.Build.0 = Release|Any CPU
	EndGlobalSection
	GlobalSection(SolutionProperties) = preSolution
		HideSolutionNode = FALSE
	EndGlobalSection
	GlobalSection(ExtensibilityGlobals) = postSolution
		SolutionGuid = {33C1F746-456A-4366-BB63-BFDFBDC87848}
	EndGlobalSection
EndGlobal
